Microsoft Visual Studio Solution File, Format Version 12.00
# Visual Studio Version 17
VisualStudioVersion = 17.5.2.0
MinimumVisualStudioVersion = 10.0.40219.1
Project("{FAE04EC0-301F-11D3-BF4B-00C04F79EFBC}") = "ConexionSQL", "ConexionSQL.csproj", "{8F898D62-0333-AA41-8A3A-D0CD4E2CF4B3}"
EndProject
Global
	GlobalSection(SolutionConfigurationPlatforms) = preSolution
		Debug|Any CPU = Debug|Any CPU
		Release|Any CPU = Release|Any CPU
	EndGlobalSection
	GlobalSection(ProjectConfigurationPlatforms) = postSolution
		{8F898D62-0333-AA41-8A3A-D0CD4E2CF4B3}.Debug|Any CPU.ActiveCfg = Debug|Any CPU
		{8F898D62-0333-AA41-8A3A-D0CD4E2CF4B3}.Debug|Any CPU.Build.0 = Debug|Any CPU
		{8F898D62-0333-AA41-8A3A-D0CD4E2CF4B3}.Release|Any CPU.ActiveCfg = Release|Any CPU
		{8F898D62-0333-AA41-8A3A-D0CD4E2CF4B3}.Release|Any CPU.Build.0 = Release|Any CPU
	EndGlobalSection
	GlobalSection(SolutionProperties) = preSolution
		HideSolutionNode = FALSE
	EndGlobalSection
	GlobalSection(ExtensibilityGlobals) = postSolution
		SolutionGuid = {7B760810-2CB7-4B6D-A487-CD27FD3E6F65}
	EndGlobalSection
EndGlobal
